
Microsoft Visual Studio Solution File, Format Version 12.00
# Visual Studio 15
VisualStudioVersion = 15.0.26124.0
MinimumVisualStudioVersion = 15.0.26124.0
Project("{9A19103F-16F7-4668-BE54-9A1E7A4F7556}") = "NewsChannel.DataLayer", "NewsChannel.DataLayer\NewsChannel.DataLayer.csproj", "{217D226C-A77C-4E04-8C29-908F401195E4}"
EndProject
Project("{9A19103F-16F7-4668-BE54-9A1E7A4F7556}") = "NewsChannel.DomainClasses", "NewsChannel.DomainClasses\NewsChannel.DomainClasses.csproj", "{EEE9E1D4-6612-4890-9792-974685C79EB7}"
EndProject
Project("{9A19103F-16F7-4668-BE54-9A1E7A4F7556}") = "NewsChannel.Service", "NewsChannel.Service\NewsChannel.Service.csproj", "{B2B9BFAB-8022-4A5E-8D59-F3A36DE17212}"
EndProject
Project("{9A19103F-16F7-4668-BE54-9A1E7A4F7556}") = "NewsChannel", "NewsChannel\NewsChannel.csproj", "{F813E5A6-D9A5-4367-AC01-FC676E622E44}"
EndProject
Project("{9A19103F-16F7-4668-BE54-9A1E7A4F7556}") = "NewsChannel.ViewModel", "NewsChannel.ViewModel\NewsChannel.ViewModel.csproj", "{FC9EEAEC-82BB-4ED7-B88A-3B4D3738E0B1}"
EndProject
Project("{9A19103F-16F7-4668-BE54-9A1E7A4F7556}") = "NewsChannel.Common", "NewsChannel.Common\NewsChannel.Common.csproj", "{D9C8320A-AC31-4A0D-BF51-DDD0628E0841}"
EndProject
Project("{9A19103F-16F7-4668-BE54-9A1E7A4F7556}") = "NewsChannel.IocConfig", "NewsChannel.IocConfig\NewsChannel.IocConfig.csproj", "{EA3C3C9C-CB1C-422B-B3F9-95BC42F6D50B}"
EndProject
Global
	GlobalSection(SolutionConfigurationPlatforms) = preSolution
		Debug|Any CPU = Debug|Any CPU
		Debug|x64 = Debug|x64
		Debug|x86 = Debug|x86
		Release|Any CPU = Release|Any CPU
		Release|x64 = Release|x64
		Release|x86 = Release|x86
	EndGlobalSection
	GlobalSection(ProjectConfigurationPlatforms) = postSolution
		{217D226C-A77C-4E04-8C29-908F401195E4}.Debug|Any CPU.ActiveCfg = Debug|Any CPU
		{217D226C-A77C-4E04-8C29-908F401195E4}.Debug|Any CPU.Build.0 = Debug|Any CPU
		{217D226C-A77C-4E04-8C29-908F401195E4}.Debug|x64.ActiveCfg = Debug|Any CPU
		{217D226C-A77C-4E04-8C29-908F401195E4}.Debug|x64.Build.0 = Debug|Any CPU
		{217D226C-A77C-4E04-8C29-908F401195E4}.Debug|x86.ActiveCfg = Debug|Any CPU
		{217D226C-A77C-4E04-8C29-908F401195E4}.Debug|x86.Build.0 = Debug|Any CPU
		{217D226C-A77C-4E04-8C29-908F401195E4}.Release|Any CPU.ActiveCfg = Release|Any CPU
		{217D226C-A77C-4E04-8C29-908F401195E4}.Release|Any CPU.Build.0 = Release|Any CPU
		{217D226C-A77C-4E04-8C29-908F401195E4}.Release|x64.ActiveCfg = Release|Any CPU
		{217D226C-A77C-4E04-8C29-908F401195E4}.Release|x64.Build.0 = Release|Any CPU
		{217D226C-A77C-4E04-8C29-908F401195E4}.Release|x86.ActiveCfg = Release|Any CPU
		{217D226C-A77C-4E04-8C29-908F401195E4}.Release|x86.Build.0 = Release|Any CPU
		{EEE9E1D4-6612-4890-9792-974685C79EB7}.Debug|Any CPU.ActiveCfg = Debug|Any CPU
		{EEE9E1D4-6612-4890-9792-974685C79EB7}.Debug|Any CPU.Build.0 = Debug|Any CPU
		{EEE9E1D4-6612-4890-9792-974685C79EB7}.Debug|x64.ActiveCfg = Debug|Any CPU
		{EEE9E1D4-6612-4890-9792-974685C79EB7}.Debug|x64.Build.0 = Debug|Any CPU
		{EEE9E1D4-6612-4890-9792-974685C79EB7}.Debug|x86.ActiveCfg = Debug|Any CPU
		{EEE9E1D4-6612-4890-9792-974685C79EB7}.Debug|x86.Build.0 = Debug|Any CPU
		{EEE9E1D4-6612-4890-9792-974685C79EB7}.Release|Any CPU.ActiveCfg = Release|Any CPU
		{EEE9E1D4-6612-4890-9792-974685C79EB7}.Release|Any CPU.Build.0 = Release|Any CPU
		{EEE9E1D4-6612-4890-9792-974685C79EB7}.Release|x64.ActiveCfg = Release|Any CPU
		{EEE9E1D4-6612-4890-9792-974685C79EB7}.Release|x64.Build.0 = Release|Any CPU
		{EEE9E1D4-6612-4890-9792-974685C79EB7}.Release|x86.ActiveCfg = Release|Any CPU
		{EEE9E1D4-6612-4890-9792-974685C79EB7}.Release|x86.Build.0 = Release|Any CPU
		{B2B9BFAB-8022-4A5E-8D59-F3A36DE17212}.Debug|Any CPU.ActiveCfg = Debug|Any CPU
		{B2B9BFAB-8022-4A5E-8D59-F3A36DE17212}.Debug|Any CPU.Build.0 = Debug|Any CPU
		{B2B9BFAB-8022-4A5E-8D59-F3A36DE17212}.Debug|x64.ActiveCfg = Debug|Any CPU
		{B2B9BFAB-8022-4A5E-8D59-F3A36DE17212}.Debug|x64.Build.0 = Debug|Any CPU
		{B2B9BFAB-8022-4A5E-8D59-F3A36DE17212}.Debug|x86.ActiveCfg = Debug|Any CPU
		{B2B9BFAB-8022-4A5E-8D59-F3A36DE17212}.Debug|x86.Build.0 = Debug|Any CPU
		{B2B9BFAB-8022-4A5E-8D59-F3A36DE17212}.Release|Any CPU.ActiveCfg = Release|Any CPU
		{B2B9BFAB-8022-4A5E-8D59-F3A36DE17212}.Release|Any CPU.Build.0 = Release|Any CPU
		{B2B9BFAB-8022-4A5E-8D59-F3A36DE17212}.Release|x64.ActiveCfg = Release|Any CPU
		{B2B9BFAB-8022-4A5E-8D59-F3A36DE17212}.Release|x64.Build.0 = Release|Any CPU
		{B2B9BFAB-8022-4A5E-8D59-F3A36DE17212}.Release|x86.ActiveCfg = Release|Any CPU
		{B2B9BFAB-8022-4A5E-8D59-F3A36DE17212}.Release|x86.Build.0 = Release|Any CPU
		{F813E5A6-D9A5-4367-AC01-FC676E622E44}.Debug|Any CPU.ActiveCfg = Debug|Any CPU
		{F813E5A6-D9A5-4367-AC01-FC676E622E44}.Debug|Any CPU.Build.0 = Debug|Any CPU
		{F813E5A6-D9A5-4367-AC01-FC676E622E44}.Debug|x64.ActiveCfg = Debug|Any CPU
		{F813E5A6-D9A5-4367-AC01-FC676E622E44}.Debug|x64.Build.0 = Debug|Any CPU
		{F813E5A6-D9A5-4367-AC01-FC676E622E44}.Debug|x86.ActiveCfg = Debug|Any CPU
		{F813E5A6-D9A5-4367-AC01-FC676E622E44}.Debug|x86.Build.0 = Debug|Any CPU
		{F813E5A6-D9A5-4367-AC01-FC676E622E44}.Release|Any CPU.ActiveCfg = Release|Any CPU
		{F813E5A6-D9A5-4367-AC01-FC676E622E44}.Release|Any CPU.Build.0 = Release|Any CPU
		{F813E5A6-D9A5-4367-AC01-FC676E622E44}.Release|x64.ActiveCfg = Release|Any CPU
		{F813E5A6-D9A5-4367-AC01-FC676E622E44}.Release|x64.Build.0 = Release|Any CPU
		{F813E5A6-D9A5-4367-AC01-FC676E622E44}.Release|x86.ActiveCfg = Release|Any CPU
		{F813E5A6-D9A5-4367-AC01-FC676E622E44}.Release|x86.Build.0 = Release|Any CPU
		{FC9EEAEC-82BB-4ED7-B88A-3B4D3738E0B1}.Debug|Any CPU.ActiveCfg = Debug|Any CPU
		{FC9EEAEC-82BB-4ED7-B88A-3B4D3738E0B1}.Debug|Any CPU.Build.0 = Debug|Any CPU
		{FC9EEAEC-82BB-4ED7-B88A-3B4D3738E0B1}.Debug|x64.ActiveCfg = Debug|Any CPU
		{FC9EEAEC-82BB-4ED7-B88A-3B4D3738E0B1}.Debug|x64.Build.0 = Debug|Any CPU
		{FC9EEAEC-82BB-4ED7-B88A-3B4D3738E0B1}.Debug|x86.ActiveCfg = Debug|Any CPU
		{FC9EEAEC-82BB-4ED7-B88A-3B4D3738E0B1}.Debug|x86.Build.0 = Debug|Any CPU
		{FC9EEAEC-82BB-4ED7-B88A-3B4D3738E0B1}.Release|Any CPU.ActiveCfg = Release|Any CPU
		{FC9EEAEC-82BB-4ED7-B88A-3B4D3738E0B1}.Release|Any CPU.Build.0 = Release|Any CPU
		{FC9EEAEC-82BB-4ED7-B88A-3B4D3738E0B1}.Release|x64.ActiveCfg = Release|Any CPU
		{FC9EEAEC-82BB-4ED7-B88A-3B4D3738E0B1}.Release|x64.Build.0 = Release|Any CPU
		{FC9EEAEC-82BB-4ED7-B88A-3B4D3738E0B1}.Release|x86.ActiveCfg = Release|Any CPU
		{FC9EEAEC-82BB-4ED7-B88A-3B4D3738E0B1}.Release|x86.Build.0 = Release|Any CPU
		{D9C8320A-AC31-4A0D-BF51-DDD0628E0841}.Debug|Any CPU.ActiveCfg = Debug|Any CPU
		{D9C8320A-AC31-4A0D-BF51-DDD0628E0841}.Debug|Any CPU.Build.0 = Debug|Any CPU
		{D9C8320A-AC31-4A0D-BF51-DDD0628E0841}.Debug|x64.ActiveCfg = Debug|Any CPU
		{D9C8320A-AC31-4A0D-BF51-DDD0628E0841}.Debug|x64.Build.0 = Debug|Any CPU
		{D9C8320A-AC31-4A0D-BF51-DDD0628E0841}.Debug|x86.ActiveCfg = Debug|Any CPU
		{D9C8320A-AC31-4A0D-BF51-DDD0628E0841}.Debug|x86.Build.0 = Debug|Any CPU
		{D9C8320A-AC31-4A0D-BF51-DDD0628E0841}.Release|Any CPU.ActiveCfg = Release|Any CPU
		{D9C8320A-AC31-4A0D-BF51-DDD0628E0841}.Release|Any CPU.Build.0 = Release|Any CPU
		{D9C8320A-AC31-4A0D-BF51-DDD0628E0841}.Release|x64.ActiveCfg = Release|Any CPU
		{D9C8320A-AC31-4A0D-BF51-DDD0628E0841}.Release|x64.Build.0 = Release|Any CPU
		{D9C8320A-AC31-4A0D-BF51-DDD0628E0841}.Release|x86.ActiveCfg = Release|Any CPU
		{D9C8320A-AC31-4A0D-BF51-DDD0628E0841}.Release|x86.Build.0 = Release|Any CPU
		{EA3C3C9C-CB1C-422B-B3F9-95BC42F6D50B}.Debug|Any CPU.ActiveCfg = Debug|Any CPU
		{EA3C3C9C-CB1C-422B-B3F9-95BC42F6D50B}.Debug|Any CPU.Build.0 = Debug|Any CPU
		{EA3C3C9C-CB1C-422B-B3F9-95BC42F6D50B}.Debug|x64.ActiveCfg = Debug|Any CPU
		{EA3C3C9C-CB1C-422B-B3F9-95BC42F6D50B}.Debug|x64.Build.0 = Debug|Any CPU
		{EA3C3C9C-CB1C-422B-B3F9-95BC42F6D50B}.Debug|x86.ActiveCfg = Debug|Any CPU
		{EA3C3C9C-CB1C-422B-B3F9-95BC42F6D50B}.Debug|x86.Build.0 = Debug|Any CPU
		{EA3C3C9C-CB1C-422B-B3F9-95BC42F6D50B}.Release|Any CPU.ActiveCfg = Release|Any CPU
		{EA3C3C9C-CB1C-422B-B3F9-95BC42F6D50B}.Release|Any CPU.Build.0 = Release|Any CPU
		{EA3C3C9C-CB1C-422B-B3F9-95BC42F6D50B}.Release|x64.ActiveCfg = Release|Any CPU
		{EA3C3C9C-CB1C-422B-B3F9-95BC42F6D50B}.Release|x64.Build.0 = Release|Any CPU
		{EA3C3C9C-CB1C-422B-B3F9-95BC42F6D50B}.Release|x86.ActiveCfg = Release|Any CPU
		{EA3C3C9C-CB1C-422B-B3F9-95BC42F6D50B}.Release|x86.Build.0 = Release|Any CPU
	EndGlobalSection
	GlobalSection(SolutionProperties) = preSolution
		HideSolutionNode = FALSE
	EndGlobalSection
	GlobalSection(ExtensibilityGlobals) = postSolution
		SolutionGuid = {C10DE7E4-A85A-4734-8C67-89B857545AB8}
	EndGlobalSection
EndGlobal
